
Microsoft Visual Studio Solution File, Format Version 12.00
# Visual Studio Version 16
VisualStudioVersion = 16.0.29102.190
MinimumVisualStudioVersion = 10.0.40219.1
Project("{F184B08F-C81C-45F6-A57F-5ABD9991F28F}") = "ULMAStudio", "ULMAStudio\ULMAStudio.vbproj", "{9C87A4C7-FDBD-4F26-B461-367E158CDF03}"
	ProjectSection(ProjectDependencies) = postProject
		{F515874D-9EEA-4634-BE3F-6ACA40774168} = {F515874D-9EEA-4634-BE3F-6ACA40774168}
		{F6D460A4-032D-4B69-97BC-BF8BAB954CF7} = {F6D460A4-032D-4B69-97BC-BF8BAB954CF7}
		{3E03B3B2-211C-4885-8033-936E6D3F1C46} = {3E03B3B2-211C-4885-8033-936E6D3F1C46}
		{E3EBBAC6-5AAE-4186-85D5-45D0B63FAA11} = {E3EBBAC6-5AAE-4186-85D5-45D0B63FAA11}
	EndProjectSection
EndProject
Project("{F184B08F-C81C-45F6-A57F-5ABD9991F28F}") = "ULMALGFree", "ULMALGFree\ULMALGFree.vbproj", "{F6D460A4-032D-4B69-97BC-BF8BAB954CF7}"
	ProjectSection(ProjectDependencies) = postProject
		{1987084D-CBBF-4EBC-96E0-E69BE06CECE6} = {1987084D-CBBF-4EBC-96E0-E69BE06CECE6}
	EndProjectSection
EndProject
Project("{F184B08F-C81C-45F6-A57F-5ABD9991F28F}") = "ConsultarBDI", "UCBrowser\ConsultarBDI\ConsultarBDI.vbproj", "{ED7CA954-0C90-4363-A3EF-53090E371F0D}"
EndProject
Project("{FAE04EC0-301F-11D3-BF4B-00C04F79EFBC}") = "Magnitudes", "UCBrowser\Magnitudes\Magnitudes.csproj", "{1987084D-CBBF-4EBC-96E0-E69BE06CECE6}"
EndProject
Project("{F184B08F-C81C-45F6-A57F-5ABD9991F28F}") = "ULMAStudioReport", "ULMAStudioReport\ULMAStudioReport.vbproj", "{F515874D-9EEA-4634-BE3F-6ACA40774168}"
EndProject
Project("{FAE04EC0-301F-11D3-BF4B-00C04F79EFBC}") = "UCBrowser", "UCBrowser\UCBrowser\UCBrowser.csproj", "{E3EBBAC6-5AAE-4186-85D5-45D0B63FAA11}"
	ProjectSection(ProjectDependencies) = postProject
		{1987084D-CBBF-4EBC-96E0-E69BE06CECE6} = {1987084D-CBBF-4EBC-96E0-E69BE06CECE6}
	EndProjectSection
EndProject
Project("{F184B08F-C81C-45F6-A57F-5ABD9991F28F}") = "ULMAUpdaterAddIn", "ULMAUpdaterAddIn\ULMAUpdaterAddIn.vbproj", "{3E03B3B2-211C-4885-8033-936E6D3F1C46}"
EndProject
Project("{FAE04EC0-301F-11D3-BF4B-00C04F79EFBC}") = "UCClientWebService", "UCClientWebService\UCClientWebService\UCClientWebService.csproj", "{4A5890F5-7110-4D12-A35C-786AAD125647}"
EndProject
Project("{F184B08F-C81C-45F6-A57F-5ABD9991F28F}") = "ULMAWriteIni", "ULMAWriteIni\ULMAWriteIni.vbproj", "{4C5C83D4-1200-4402-9283-AD6A17628B86}"
EndProject
Global
	GlobalSection(SolutionConfigurationPlatforms) = preSolution
		32bit|Any CPU = 32bit|Any CPU
		32bit|x64 = 32bit|x64
		Debug|Any CPU = Debug|Any CPU
		Debug|x64 = Debug|x64
		Release|Any CPU = Release|Any CPU
		Release|x64 = Release|x64
	EndGlobalSection
	GlobalSection(ProjectConfigurationPlatforms) = postSolution
		{9C87A4C7-FDBD-4F26-B461-367E158CDF03}.32bit|Any CPU.ActiveCfg = Release|Any CPU
		{9C87A4C7-FDBD-4F26-B461-367E158CDF03}.32bit|Any CPU.Build.0 = Release|Any CPU
		{9C87A4C7-FDBD-4F26-B461-367E158CDF03}.32bit|x64.ActiveCfg = Release|Any CPU
		{9C87A4C7-FDBD-4F26-B461-367E158CDF03}.32bit|x64.Build.0 = Release|Any CPU
		{9C87A4C7-FDBD-4F26-B461-367E158CDF03}.Debug|Any CPU.ActiveCfg = Debug|x64
		{9C87A4C7-FDBD-4F26-B461-367E158CDF03}.Debug|Any CPU.Build.0 = Debug|x64
		{9C87A4C7-FDBD-4F26-B461-367E158CDF03}.Debug|x64.ActiveCfg = Debug|Any CPU
		{9C87A4C7-FDBD-4F26-B461-367E158CDF03}.Debug|x64.Build.0 = Debug|Any CPU
		{9C87A4C7-FDBD-4F26-B461-367E158CDF03}.Release|Any CPU.ActiveCfg = Release|Any CPU
		{9C87A4C7-FDBD-4F26-B461-367E158CDF03}.Release|Any CPU.Build.0 = Release|Any CPU
		{9C87A4C7-FDBD-4F26-B461-367E158CDF03}.Release|x64.ActiveCfg = Release|Any CPU
		{9C87A4C7-FDBD-4F26-B461-367E158CDF03}.Release|x64.Build.0 = Release|Any CPU
		{F6D460A4-032D-4B69-97BC-BF8BAB954CF7}.32bit|Any CPU.ActiveCfg = Release|Any CPU
		{F6D460A4-032D-4B69-97BC-BF8BAB954CF7}.32bit|Any CPU.Build.0 = Release|Any CPU
		{F6D460A4-032D-4B69-97BC-BF8BAB954CF7}.32bit|x64.ActiveCfg = Release|x64
		{F6D460A4-032D-4B69-97BC-BF8BAB954CF7}.32bit|x64.Build.0 = Release|x64
		{F6D460A4-032D-4B69-97BC-BF8BAB954CF7}.Debug|Any CPU.ActiveCfg = Debug|x64
		{F6D460A4-032D-4B69-97BC-BF8BAB954CF7}.Debug|Any CPU.Build.0 = Debug|x64
		{F6D460A4-032D-4B69-97BC-BF8BAB954CF7}.Debug|x64.ActiveCfg = Debug|x64
		{F6D460A4-032D-4B69-97BC-BF8BAB954CF7}.Debug|x64.Build.0 = Debug|x64
		{F6D460A4-032D-4B69-97BC-BF8BAB954CF7}.Release|Any CPU.ActiveCfg = Release|Any CPU
		{F6D460A4-032D-4B69-97BC-BF8BAB954CF7}.Release|Any CPU.Build.0 = Release|Any CPU
		{F6D460A4-032D-4B69-97BC-BF8BAB954CF7}.Release|x64.ActiveCfg = Release|x64
		{F6D460A4-032D-4B69-97BC-BF8BAB954CF7}.Release|x64.Build.0 = Release|x64
		{ED7CA954-0C90-4363-A3EF-53090E371F0D}.32bit|Any CPU.ActiveCfg = 32bit|x64
		{ED7CA954-0C90-4363-A3EF-53090E371F0D}.32bit|x64.ActiveCfg = 32bit|x64
		{ED7CA954-0C90-4363-A3EF-53090E371F0D}.32bit|x64.Build.0 = 32bit|x64
		{ED7CA954-0C90-4363-A3EF-53090E371F0D}.Debug|Any CPU.ActiveCfg = Debug|x64
		{ED7CA954-0C90-4363-A3EF-53090E371F0D}.Debug|x64.ActiveCfg = Debug|x64
		{ED7CA954-0C90-4363-A3EF-53090E371F0D}.Debug|x64.Build.0 = Debug|x64
		{ED7CA954-0C90-4363-A3EF-53090E371F0D}.Release|Any CPU.ActiveCfg = Release|x64
		{ED7CA954-0C90-4363-A3EF-53090E371F0D}.Release|x64.ActiveCfg = Release|x64
		{ED7CA954-0C90-4363-A3EF-53090E371F0D}.Release|x64.Build.0 = Release|x64
		{1987084D-CBBF-4EBC-96E0-E69BE06CECE6}.32bit|Any CPU.ActiveCfg = Release|x64
		{1987084D-CBBF-4EBC-96E0-E69BE06CECE6}.32bit|Any CPU.Build.0 = Release|x64
		{1987084D-CBBF-4EBC-96E0-E69BE06CECE6}.32bit|x64.ActiveCfg = Release|x64
		{1987084D-CBBF-4EBC-96E0-E69BE06CECE6}.32bit|x64.Build.0 = Release|x64
		{1987084D-CBBF-4EBC-96E0-E69BE06CECE6}.Debug|Any CPU.ActiveCfg = Debug|x64
		{1987084D-CBBF-4EBC-96E0-E69BE06CECE6}.Debug|x64.ActiveCfg = Debug|x64
		{1987084D-CBBF-4EBC-96E0-E69BE06CECE6}.Debug|x64.Build.0 = Debug|x64
		{1987084D-CBBF-4EBC-96E0-E69BE06CECE6}.Release|Any CPU.ActiveCfg = Release|x64
		{1987084D-CBBF-4EBC-96E0-E69BE06CECE6}.Release|x64.ActiveCfg = Release|x64
		{1987084D-CBBF-4EBC-96E0-E69BE06CECE6}.Release|x64.Build.0 = Release|x64
		{F515874D-9EEA-4634-BE3F-6ACA40774168}.32bit|Any CPU.ActiveCfg = Release|Any CPU
		{F515874D-9EEA-4634-BE3F-6ACA40774168}.32bit|Any CPU.Build.0 = Release|Any CPU
		{F515874D-9EEA-4634-BE3F-6ACA40774168}.32bit|x64.ActiveCfg = Release|Any CPU
		{F515874D-9EEA-4634-BE3F-6ACA40774168}.32bit|x64.Build.0 = Release|Any CPU
		{F515874D-9EEA-4634-BE3F-6ACA40774168}.Debug|Any CPU.ActiveCfg = Debug|x64
		{F515874D-9EEA-4634-BE3F-6ACA40774168}.Debug|Any CPU.Build.0 = Debug|x64
		{F515874D-9EEA-4634-BE3F-6ACA40774168}.Debug|x64.ActiveCfg = Debug|Any CPU
		{F515874D-9EEA-4634-BE3F-6ACA40774168}.Debug|x64.Build.0 = Debug|Any CPU
		{F515874D-9EEA-4634-BE3F-6ACA40774168}.Release|Any CPU.ActiveCfg = Release|Any CPU
		{F515874D-9EEA-4634-BE3F-6ACA40774168}.Release|Any CPU.Build.0 = Release|Any CPU
		{F515874D-9EEA-4634-BE3F-6ACA40774168}.Release|x64.ActiveCfg = Release|Any CPU
		{F515874D-9EEA-4634-BE3F-6ACA40774168}.Release|x64.Build.0 = Release|Any CPU
		{E3EBBAC6-5AAE-4186-85D5-45D0B63FAA11}.32bit|Any CPU.ActiveCfg = Release|x64
		{E3EBBAC6-5AAE-4186-85D5-45D0B63FAA11}.32bit|Any CPU.Build.0 = Release|x64
		{E3EBBAC6-5AAE-4186-85D5-45D0B63FAA11}.32bit|x64.ActiveCfg = Release|x64
		{E3EBBAC6-5AAE-4186-85D5-45D0B63FAA11}.32bit|x64.Build.0 = Release|x64
		{E3EBBAC6-5AAE-4186-85D5-45D0B63FAA11}.Debug|Any CPU.ActiveCfg = Debug|x64
		{E3EBBAC6-5AAE-4186-85D5-45D0B63FAA11}.Debug|x64.ActiveCfg = Debug|x64
		{E3EBBAC6-5AAE-4186-85D5-45D0B63FAA11}.Debug|x64.Build.0 = Debug|x64
		{E3EBBAC6-5AAE-4186-85D5-45D0B63FAA11}.Release|Any CPU.ActiveCfg = Release|x64
		{E3EBBAC6-5AAE-4186-85D5-45D0B63FAA11}.Release|x64.ActiveCfg = Release|x64
		{E3EBBAC6-5AAE-4186-85D5-45D0B63FAA11}.Release|x64.Build.0 = Release|x64
		{3E03B3B2-211C-4885-8033-936E6D3F1C46}.32bit|Any CPU.ActiveCfg = Release|Any CPU
		{3E03B3B2-211C-4885-8033-936E6D3F1C46}.32bit|Any CPU.Build.0 = Release|Any CPU
		{3E03B3B2-211C-4885-8033-936E6D3F1C46}.32bit|x64.ActiveCfg = Release|Any CPU
		{3E03B3B2-211C-4885-8033-936E6D3F1C46}.32bit|x64.Build.0 = Release|Any CPU
		{3E03B3B2-211C-4885-8033-936E6D3F1C46}.Debug|Any CPU.ActiveCfg = Debug|Any CPU
		{3E03B3B2-211C-4885-8033-936E6D3F1C46}.Debug|Any CPU.Build.0 = Debug|Any CPU
		{3E03B3B2-211C-4885-8033-936E6D3F1C46}.Debug|x64.ActiveCfg = Debug|Any CPU
		{3E03B3B2-211C-4885-8033-936E6D3F1C46}.Debug|x64.Build.0 = Debug|Any CPU
		{3E03B3B2-211C-4885-8033-936E6D3F1C46}.Release|Any CPU.ActiveCfg = Release|Any CPU
		{3E03B3B2-211C-4885-8033-936E6D3F1C46}.Release|Any CPU.Build.0 = Release|Any CPU
		{3E03B3B2-211C-4885-8033-936E6D3F1C46}.Release|x64.ActiveCfg = Release|Any CPU
		{3E03B3B2-211C-4885-8033-936E6D3F1C46}.Release|x64.Build.0 = Release|Any CPU
		{4A5890F5-7110-4D12-A35C-786AAD125647}.32bit|Any CPU.ActiveCfg = Release|Any CPU
		{4A5890F5-7110-4D12-A35C-786AAD125647}.32bit|Any CPU.Build.0 = Release|Any CPU
		{4A5890F5-7110-4D12-A35C-786AAD125647}.32bit|x64.ActiveCfg = Release|Any CPU
		{4A5890F5-7110-4D12-A35C-786AAD125647}.32bit|x64.Build.0 = Release|Any CPU
		{4A5890F5-7110-4D12-A35C-786AAD125647}.Debug|Any CPU.ActiveCfg = Debug|Any CPU
		{4A5890F5-7110-4D12-A35C-786AAD125647}.Debug|Any CPU.Build.0 = Debug|Any CPU
		{4A5890F5-7110-4D12-A35C-786AAD125647}.Debug|x64.ActiveCfg = Debug|Any CPU
		{4A5890F5-7110-4D12-A35C-786AAD125647}.Debug|x64.Build.0 = Debug|Any CPU
		{4A5890F5-7110-4D12-A35C-786AAD125647}.Release|Any CPU.ActiveCfg = Release|Any CPU
		{4A5890F5-7110-4D12-A35C-786AAD125647}.Release|Any CPU.Build.0 = Release|Any CPU
		{4A5890F5-7110-4D12-A35C-786AAD125647}.Release|x64.ActiveCfg = Release|Any CPU
		{4A5890F5-7110-4D12-A35C-786AAD125647}.Release|x64.Build.0 = Release|Any CPU
		{4C5C83D4-1200-4402-9283-AD6A17628B86}.32bit|Any CPU.ActiveCfg = Release|Any CPU
		{4C5C83D4-1200-4402-9283-AD6A17628B86}.32bit|Any CPU.Build.0 = Release|Any CPU
		{4C5C83D4-1200-4402-9283-AD6A17628B86}.32bit|x64.ActiveCfg = Release|Any CPU
		{4C5C83D4-1200-4402-9283-AD6A17628B86}.32bit|x64.Build.0 = Release|Any CPU
		{4C5C83D4-1200-4402-9283-AD6A17628B86}.Debug|Any CPU.ActiveCfg = Debug|Any CPU
		{4C5C83D4-1200-4402-9283-AD6A17628B86}.Debug|Any CPU.Build.0 = Debug|Any CPU
		{4C5C83D4-1200-4402-9283-AD6A17628B86}.Debug|x64.ActiveCfg = Debug|Any CPU
		{4C5C83D4-1200-4402-9283-AD6A17628B86}.Debug|x64.Build.0 = Debug|Any CPU
		{4C5C83D4-1200-4402-9283-AD6A17628B86}.Release|Any CPU.ActiveCfg = Release|Any CPU
		{4C5C83D4-1200-4402-9283-AD6A17628B86}.Release|Any CPU.Build.0 = Release|Any CPU
		{4C5C83D4-1200-4402-9283-AD6A17628B86}.Release|x64.ActiveCfg = Release|Any CPU
		{4C5C83D4-1200-4402-9283-AD6A17628B86}.Release|x64.Build.0 = Release|Any CPU
	EndGlobalSection
	GlobalSection(SolutionProperties) = preSolution
		HideSolutionNode = FALSE
	EndGlobalSection
	GlobalSection(ExtensibilityGlobals) = postSolution
		SolutionGuid = {FF35FB23-7FBF-4977-959F-E158BA4AE751}
	EndGlobalSection
EndGlobal
