
Microsoft Visual Studio Solution File, Format Version 12.00
# Visual Studio Version 16
VisualStudioVersion = 16.0.29102.190
MinimumVisualStudioVersion = 10.0.40219.1
Project("{FAE04EC0-301F-11D3-BF4B-00C04F79EFBC}") = "UCClientWebService", "UCClientWebService\UCClientWebService.csproj", "{4A5890F5-7110-4D12-A35C-786AAD125647}"
EndProject
Project("{FAE04EC0-301F-11D3-BF4B-00C04F79EFBC}") = "ConsoleTest", "ConsoleTest\ConsoleTest.csproj", "{4FF546CA-9EA4-4884-8807-9D8C3075757D}"
EndProject
Global
	GlobalSection(SolutionConfigurationPlatforms) = preSolution
		Debug|Any CPU = Debug|Any CPU
		Release|Any CPU = Release|Any CPU
	EndGlobalSection
	GlobalSection(ProjectConfigurationPlatforms) = postSolution
		{4A5890F5-7110-4D12-A35C-786AAD125647}.Debug|Any CPU.ActiveCfg = Debug|Any CPU
		{4A5890F5-7110-4D12-A35C-786AAD125647}.Debug|Any CPU.Build.0 = Debug|Any CPU
		{4A5890F5-7110-4D12-A35C-786AAD125647}.Release|Any CPU.ActiveCfg = Release|Any CPU
		{4A5890F5-7110-4D12-A35C-786AAD125647}.Release|Any CPU.Build.0 = Release|Any CPU
		{4FF546CA-9EA4-4884-8807-9D8C3075757D}.Debug|Any CPU.ActiveCfg = Debug|Any CPU
		{4FF546CA-9EA4-4884-8807-9D8C3075757D}.Debug|Any CPU.Build.0 = Debug|Any CPU
		{4FF546CA-9EA4-4884-8807-9D8C3075757D}.Release|Any CPU.ActiveCfg = Release|Any CPU
		{4FF546CA-9EA4-4884-8807-9D8C3075757D}.Release|Any CPU.Build.0 = Release|Any CPU
	EndGlobalSection
	GlobalSection(SolutionProperties) = preSolution
		HideSolutionNode = FALSE
	EndGlobalSection
	GlobalSection(ExtensibilityGlobals) = postSolution
		SolutionGuid = {0152D07D-87C3-45F2-AB4D-BBBCFFACE4B1}
	EndGlobalSection
EndGlobal
